{
  "object": {
    "pins": [
      {
        "package": "IBDecodable",
        "repositoryURL": "https://github.com/kateinoigakukun/IBDecodable.git",
        "state": {
          "branch": "ibcodegen",
          "revision": "b60863b78b8529fad322ec23fab55307bc5f6407",
          "version": null
        }
      },
      {
        "package": "swift-argument-parser",
        "repositoryURL": "https://github.com/apple/swift-argument-parser",
        "state": {
          "branch": null,
          "revision": "9564d61b08a5335ae0a36f789a7d71493eacadfc",
          "version": "0.3.2"
        }
      },
      {
        "package": "SWXMLHash",
        "repositoryURL": "https://github.com/drmohundro/SWXMLHash.git",
        "state": {
          "branch": null,
          "revision": "a4931e5c3bafbedeb1601d3bb76bbe835c6d475a",
          "version": "5.0.1"
        }
      }
    ]
  },
  "version": 1
}
