{
  "object": {
    "pins": [
      {
        "package": "IBDecodable",
        "repositoryURL": "https://github.com/kateinoigakukun/IBDecodable.git",
        "state": {
          "branch": "ibcodegen",
          "revision": "ce1d8ec94e762203f9b84b496ad714632ae8c2f1",
          "version": null
        }
      },
      {
        "package": "SWXMLHash",
        "repositoryURL": "https://github.com/drmohundro/SWXMLHash.git",
        "state": {
          "branch": null,
          "revision": "a4931e5c3bafbedeb1601d3bb76bbe835c6d475a",
          "version": "5.0.1"
        }
      }
    ]
  },
  "version": 1
}
